// !$*UTF8*$!
{
	archiveVersion = 1;
	classes = {
	};
	objectVersion = 77;
	objects = {

/* Begin PBXContainerItemProxy section */
		991361CC2CA3C29B003C037D /* PBXContainerItemProxy */ = {
			isa = PBXContainerItemProxy;
			containerPortal = 991361B32CA3C29B003C037D /* Project object */;
			proxyType = 1;
			remoteGlobalIDString = 991361BA2CA3C29B003C037D;
			remoteInfo = GhostLockiPhone;
		};
		991361D62CA3C29C003C037D /* PBXContainerItemProxy */ = {
			isa = PBXContainerItemProxy;
			containerPortal = 991361B32CA3C29B003C037D /* Project object */;
			proxyType = 1;
			remoteGlobalIDString = 991361BA2CA3C29B003C037D;
			remoteInfo = GhostLockiPhone;
		};
/* End PBXContainerItemProxy section */

/* Begin PBXFileReference section */
		991361BB2CA3C29B003C037D /* GhostLockiPhone.app */ = {isa = PBXFileReference; explicitFileType = wrapper.application; includeInIndex = 0; path = GhostLockiPhone.app; sourceTree = BUILT_PRODUCTS_DIR; };
		991361CB2CA3C29B003C037D /* GhostLockiPhoneTests.xctest */ = {isa = PBXFileReference; explicitFileType = wrapper.cfbundle; includeInIndex = 0; path = GhostLockiPhoneTests.xctest; sourceTree = BUILT_PRODUCTS_DIR; };
		991361D52CA3C29C003C037D /* GhostLockiPhoneUITests.xctest */ = {isa = PBXFileReference; explicitFileType = wrapper.cfbundle; includeInIndex = 0; path = GhostLockiPhoneUITests.xctest; sourceTree = BUILT_PRODUCTS_DIR; };
/* End PBXFileReference section */

/* Begin PBXFileSystemSynchronizedRootGroup section */
		991361BD2CA3C29B003C037D /* GhostLockiPhone */ = {
			isa = PBXFileSystemSynchronizedRootGroup;
			path = GhostLockiPhone;
			sourceTree = "<group>";
		};
		991361CE2CA3C29B003C037D /* GhostLockiPhoneTests */ = {
			isa = PBXFileSystemSynchronizedRootGroup;
			path = GhostLockiPhoneTests;
			sourceTree = "<group>";
		};
		991361D82CA3C29C003C037D /* GhostLockiPhoneUITests */ = {
			isa = PBXFileSystemSynchronizedRootGroup;
			path = GhostLockiPhoneUITests;
			sourceTree = "<group>";
		};
/* End PBXFileSystemSynchronizedRootGroup section */

/* Begin PBXFrameworksBuildPhase section */
		991361B82CA3C29B003C037D /* Frameworks */ = {
			isa = PBXFrameworksBuildPhase;
			buildActionMask = 2147483647;
			files = (
			);
			runOnlyForDeploymentPostprocessing = 0;
		};
		991361C82CA3C29B003C037D /* Frameworks */ = {
			isa = PBXFrameworksBuildPhase;
			buildActionMask = 2147483647;
			files = (
			);
			runOnlyForDeploymentPostprocessing = 0;
		};
		991361D22CA3C29C003C037D /* Frameworks */ = {
			isa = PBXFrameworksBuildPhase;
			buildActionMask = 2147483647;
			files = (
			);
			runOnlyForDeploymentPostprocessing = 0;
		};
/* End PBXFrameworksBuildPhase section */

/* Begin PBXGroup section */
		991361B22CA3C29B003C037D = {
			isa = PBXGroup;
			children = (
				991361BD2CA3C29B003C037D /* GhostLockiPhone */,
				991361CE2CA3C29B003C037D /* GhostLockiPhoneTests */,
				991361D82CA3C29C003C037D /* GhostLockiPhoneUITests */,
				991361BC2CA3C29B003C037D /* Products */,
			);
			sourceTree = "<group>";
		};
		991361BC2CA3C29B003C037D /* Products */ = {
			isa = PBXGroup;
			children = (
				991361BB2CA3C29B003C037D /* GhostLockiPhone.app */,
				991361CB2CA3C29B003C037D /* GhostLockiPhoneTests.xctest */,
				991361D52CA3C29C003C037D /* GhostLockiPhoneUITests.xctest */,
			);
			name = Products;
			sourceTree = "<group>";
		};
/* End PBXGroup section */

/* Begin PBXNativeTarget section */
		991361BA2CA3C29B003C037D /* GhostLockiPhone */ = {
			isa = PBXNativeTarget;
			buildConfigurationList = 991361DF2CA3C29C003C037D /* Build configuration list for PBXNativeTarget "GhostLockiPhone" */;
			buildPhases = (
				991361B72CA3C29B003C037D /* Sources */,
				991361B82CA3C29B003C037D /* Frameworks */,
				991361B92CA3C29B003C037D /* Resources */,
			);
			buildRules = (
			);
			dependencies = (
			);
			fileSystemSynchronizedGroups = (
				991361BD2CA3C29B003C037D /* GhostLockiPhone */,
			);
			name = GhostLockiPhone;
			packageProductDependencies = (
			);
			productName = GhostLockiPhone;
			productReference = 991361BB2CA3C29B003C037D /* GhostLockiPhone.app */;
			productType = "com.apple.product-type.application";
		};
		991361CA2CA3C29B003C037D /* GhostLockiPhoneTests */ = {
			isa = PBXNativeTarget;
			buildConfigurationList = 991361E22CA3C29C003C037D /* Build configuration list for PBXNativeTarget "GhostLockiPhoneTests" */;
			buildPhases = (
				991361C72CA3C29B003C037D /* Sources */,
				991361C82CA3C29B003C037D /* Frameworks */,
				991361C92CA3C29B003C037D /* Resources */,
			);
			buildRules = (
			);
			dependencies = (
				991361CD2CA3C29B003C037D /* PBXTargetDependency */,
			);
			fileSystemSynchronizedGroups = (
				991361CE2CA3C29B003C037D /* GhostLockiPhoneTests */,
			);
			name = GhostLockiPhoneTests;
			packageProductDependencies = (
			);
			productName = GhostLockiPhoneTests;
			productReference = 991361CB2CA3C29B003C037D /* GhostLockiPhoneTests.xctest */;
			productType = "com.apple.product-type.bundle.unit-test";
		};
		991361D42CA3C29C003C037D /* GhostLockiPhoneUITests */ = {
			isa = PBXNativeTarget;
			buildConfigurationList = 991361E52CA3C29C003C037D /* Build configuration list for PBXNativeTarget "GhostLockiPhoneUITests" */;
			buildPhases = (
				991361D12CA3C29C003C037D /* Sources */,
				991361D22CA3C29C003C037D /* Frameworks */,
				991361D32CA3C29C003C037D /* Resources */,
			);
			buildRules = (
			);
			dependencies = (
				991361D72CA3C29C003C037D /* PBXTargetDependency */,
			);
			fileSystemSynchronizedGroups = (
				991361D82CA3C29C003C037D /* GhostLockiPhoneUITests */,
			);
			name = GhostLockiPhoneUITests;
			packageProductDependencies = (
			);
			productName = GhostLockiPhoneUITests;
			productReference = 991361D52CA3C29C003C037D /* GhostLockiPhoneUITests.xctest */;
			productType = "com.apple.product-type.bundle.ui-testing";
		};
/* End PBXNativeTarget section */

/* Begin PBXProject section */
		991361B32CA3C29B003C037D /* Project object */ = {
			isa = PBXProject;
			attributes = {
				BuildIndependentTargetsInParallel = 1;
				LastSwiftUpdateCheck = 1600;
				LastUpgradeCheck = 1600;
				TargetAttributes = {
					991361BA2CA3C29B003C037D = {
						CreatedOnToolsVersion = 16.0;
					};
					991361CA2CA3C29B003C037D = {
						CreatedOnToolsVersion = 16.0;
						TestTargetID = 991361BA2CA3C29B003C037D;
					};
					991361D42CA3C29C003C037D = {
						CreatedOnToolsVersion = 16.0;
						TestTargetID = 991361BA2CA3C29B003C037D;
					};
				};
			};
			buildConfigurationList = 991361B62CA3C29B003C037D /* Build configuration list for PBXProject "GhostLockiPhone" */;
			developmentRegion = en;
			hasScannedForEncodings = 0;
			knownRegions = (
				en,
				Base,
			);
			mainGroup = 991361B22CA3C29B003C037D;
			minimizedProjectReferenceProxies = 1;
			preferredProjectObjectVersion = 77;
			productRefGroup = 991361BC2CA3C29B003C037D /* Products */;
			projectDirPath = "";
			projectRoot = "";
			targets = (
				991361BA2CA3C29B003C037D /* GhostLockiPhone */,
				991361CA2CA3C29B003C037D /* GhostLockiPhoneTests */,
				991361D42CA3C29C003C037D /* GhostLockiPhoneUITests */,
			);
		};
/* End PBXProject section */

/* Begin PBXResourcesBuildPhase section */
		991361B92CA3C29B003C037D /* Resources */ = {
			isa = PBXResourcesBuildPhase;
			buildActionMask = 2147483647;
			files = (
			);
			runOnlyForDeploymentPostprocessing = 0;
		};
		991361C92CA3C29B003C037D /* Resources */ = {
			isa = PBXResourcesBuildPhase;
			buildActionMask = 2147483647;
			files = (
			);
			runOnlyForDeploymentPostprocessing = 0;
		};
		991361D32CA3C29C003C037D /* Resources */ = {
			isa = PBXResourcesBuildPhase;
			buildActionMask = 2147483647;
			files = (
			);
			runOnlyForDeploymentPostprocessing = 0;
		};
/* End PBXResourcesBuildPhase section */

/* Begin PBXSourcesBuildPhase section */
		991361B72CA3C29B003C037D /* Sources */ = {
			isa = PBXSourcesBuildPhase;
			buildActionMask = 2147483647;
			files = (
			);
			runOnlyForDeploymentPostprocessing = 0;
		};
		991361C72CA3C29B003C037D /* Sources */ = {
			isa = PBXSourcesBuildPhase;
			buildActionMask = 2147483647;
			files = (
			);
			runOnlyForDeploymentPostprocessing = 0;
		};
		991361D12CA3C29C003C037D /* Sources */ = {
			isa = PBXSourcesBuildPhase;
			buildActionMask = 2147483647;
			files = (
			);
			runOnlyForDeploymentPostprocessing = 0;
		};
/* End PBXSourcesBuildPhase section */

/* Begin PBXTargetDependency section */
		991361CD2CA3C29B003C037D /* PBXTargetDependency */ = {
			isa = PBXTargetDependency;
			target = 991361BA2CA3C29B003C037D /* GhostLockiPhone */;
			targetProxy = 991361CC2CA3C29B003C037D /* PBXContainerItemProxy */;
		};
		991361D72CA3C29C003C037D /* PBXTargetDependency */ = {
			isa = PBXTargetDependency;
			target = 991361BA2CA3C29B003C037D /* GhostLockiPhone */;
			targetProxy = 991361D62CA3C29C003C037D /* PBXContainerItemProxy */;
		};
/* End PBXTargetDependency section */

/* Begin XCBuildConfiguration section */
		991361DD2CA3C29C003C037D /* Debug */ = {
			isa = XCBuildConfiguration;
			buildSettings = {
				ALWAYS_SEARCH_USER_PATHS = NO;
				ASSETCATALOG_COMPILER_GENERATE_SWIFT_ASSET_SYMBOL_EXTENSIONS = YES;
				CLANG_ANALYZER_NONNULL = YES;
				CLANG_ANALYZER_NUMBER_OBJECT_CONVERSION = YES_AGGRESSIVE;
				CLANG_CXX_LANGUAGE_STANDARD = "gnu++20";
				CLANG_ENABLE_MODULES = YES;
				CLANG_ENABLE_OBJC_ARC = YES;
				CLANG_ENABLE_OBJC_WEAK = YES;
				CLANG_WARN_BLOCK_CAPTURE_AUTORELEASING = YES;
				CLANG_WARN_BOOL_CONVERSION = YES;
				CLANG_WARN_COMMA = YES;
				CLANG_WARN_CONSTANT_CONVERSION = YES;
				CLANG_WARN_DEPRECATED_OBJC_IMPLEMENTATIONS = YES;
				CLANG_WARN_DIRECT_OBJC_ISA_USAGE = YES_ERROR;
				CLANG_WARN_DOCUMENTATION_COMMENTS = YES;
				CLANG_WARN_EMPTY_BODY = YES;
				CLANG_WARN_ENUM_CONVERSION = YES;
				CLANG_WARN_INFINITE_RECURSION = YES;
				CLANG_WARN_INT_CONVERSION = YES;
				CLANG_WARN_NON_LITERAL_NULL_CONVERSION = YES;
				CLANG_WARN_OBJC_IMPLICIT_RETAIN_SELF = YES;
				CLANG_WARN_OBJC_LITERAL_CONVERSION = YES;
				CLANG_WARN_OBJC_ROOT_CLASS = YES_ERROR;
				CLANG_WARN_QUOTED_INCLUDE_IN_FRAMEWORK_HEADER = YES;
				CLANG_WARN_RANGE_LOOP_ANALYSIS = YES;
				CLANG_WARN_STRICT_PROTOTYPES = YES;
				CLANG_WARN_SUSPICIOUS_MOVE = YES;
				CLANG_WARN_UNGUARDED_AVAILABILITY = YES_AGGRESSIVE;
				CLANG_WARN_UNREACHABLE_CODE = YES;
				CLANG_WARN__DUPLICATE_METHOD_MATCH = YES;
				COPY_PHASE_STRIP = NO;
				DEBUG_INFORMATION_FORMAT = dwarf;
				ENABLE_STRICT_OBJC_MSGSEND = YES;
				ENABLE_TESTABILITY = YES;
				ENABLE_USER_SCRIPT_SANDBOXING = YES;
				GCC_C_LANGUAGE_STANDARD = gnu17;
				GCC_DYNAMIC_NO_PIC = NO;
				GCC_NO_COMMON_BLOCKS = YES;
				GCC_OPTIMIZATION_LEVEL = 0;
				GCC_PREPROCESSOR_DEFINITIONS = (
					"DEBUG=1",
					"$(inherited)",
				);
				GCC_WARN_64_TO_32_BIT_CONVERSION = YES;
				GCC_WARN_ABOUT_RETURN_TYPE = YES_ERROR;
				GCC_WARN_UNDECLARED_SELECTOR = YES;
				GCC_WARN_UNINITIALIZED_AUTOS = YES_AGGRESSIVE;
				GCC_WARN_UNUSED_FUNCTION = YES;
				GCC_WARN_UNUSED_VARIABLE = YES;
				IPHONEOS_DEPLOYMENT_TARGET = 18.0;
				LOCALIZATION_PREFERS_STRING_CATALOGS = YES;
				MTL_ENABLE_DEBUG_INFO = INCLUDE_SOURCE;
				MTL_FAST_MATH = YES;
				ONLY_ACTIVE_ARCH = YES;
				SDKROOT = iphoneos;
				SWIFT_ACTIVE_COMPILATION_CONDITIONS = "DEBUG $(inherited)";
				SWIFT_OPTIMIZATION_LEVEL = "-Onone";
			};
			name = Debug;
		};
		991361DE2CA3C29C003C037D /* Release */ = {
			isa = XCBuildConfiguration;
			buildSettings = {
				ALWAYS_SEARCH_USER_PATHS = NO;
				ASSETCATALOG_COMPILER_GENERATE_SWIFT_ASSET_SYMBOL_EXTENSIONS = YES;
				CLANG_ANALYZER_NONNULL = YES;
				CLANG_ANALYZER_NUMBER_OBJECT_CONVERSION = YES_AGGRESSIVE;
				CLANG_CXX_LANGUAGE_STANDARD = "gnu++20";
				CLANG_ENABLE_MODULES = YES;
				CLANG_ENABLE_OBJC_ARC = YES;
				CLANG_ENABLE_OBJC_WEAK = YES;
				CLANG_WARN_BLOCK_CAPTURE_AUTORELEASING = YES;
				CLANG_WARN_BOOL_CONVERSION = YES;
				CLANG_WARN_COMMA = YES;
				CLANG_WARN_CONSTANT_CONVERSION = YES;
				CLANG_WARN_DEPRECATED_OBJC_IMPLEMENTATIONS = YES;
				CLANG_WARN_DIRECT_OBJC_ISA_USAGE = YES_ERROR;
				CLANG_WARN_DOCUMENTATION_COMMENTS = YES;
				CLANG_WARN_EMPTY_BODY = YES;
				CLANG_WARN_ENUM_CONVERSION = YES;
				CLANG_WARN_INFINITE_RECURSION = YES;
				CLANG_WARN_INT_CONVERSION = YES;
				CLANG_WARN_NON_LITERAL_NULL_CONVERSION = YES;
				CLANG_WARN_OBJC_IMPLICIT_RETAIN_SELF = YES;
				CLANG_WARN_OBJC_LITERAL_CONVERSION = YES;
				CLANG_WARN_OBJC_ROOT_CLASS = YES_ERROR;
				CLANG_WARN_QUOTED_INCLUDE_IN_FRAMEWORK_HEADER = YES;
				CLANG_WARN_RANGE_LOOP_ANALYSIS = YES;
				CLANG_WARN_STRICT_PROTOTYPES = YES;
				CLANG_WARN_SUSPICIOUS_MOVE = YES;
				CLANG_WARN_UNGUARDED_AVAILABILITY = YES_AGGRESSIVE;
				CLANG_WARN_UNREACHABLE_CODE = YES;
				CLANG_WARN__DUPLICATE_METHOD_MATCH = YES;
				COPY_PHASE_STRIP = NO;
				DEBUG_INFORMATION_FORMAT = "dwarf-with-dsym";
				ENABLE_NS_ASSERTIONS = NO;
				ENABLE_STRICT_OBJC_MSGSEND = YES;
				ENABLE_USER_SCRIPT_SANDBOXING = YES;
				GCC_C_LANGUAGE_STANDARD = gnu17;
				GCC_NO_COMMON_BLOCKS = YES;
				GCC_WARN_64_TO_32_BIT_CONVERSION = YES;
				GCC_WARN_ABOUT_RETURN_TYPE = YES_ERROR;
				GCC_WARN_UNDECLARED_SELECTOR = YES;
				GCC_WARN_UNINITIALIZED_AUTOS = YES_AGGRESSIVE;
				GCC_WARN_UNUSED_FUNCTION = YES;
				GCC_WARN_UNUSED_VARIABLE = YES;
				IPHONEOS_DEPLOYMENT_TARGET = 18.0;
				LOCALIZATION_PREFERS_STRING_CATALOGS = YES;
				MTL_ENABLE_DEBUG_INFO = NO;
				MTL_FAST_MATH = YES;
				SDKROOT = iphoneos;
				SWIFT_COMPILATION_MODE = wholemodule;
				VALIDATE_PRODUCT = YES;
			};
			name = Release;
		};
		991361E02CA3C29C003C037D /* Debug */ = {
			isa = XCBuildConfiguration;
			buildSettings = {
				ASSETCATALOG_COMPILER_APPICON_NAME = AppIcon;
				ASSETCATALOG_COMPILER_GLOBAL_ACCENT_COLOR_NAME = AccentColor;
				CODE_SIGN_STYLE = Automatic;
				CURRENT_PROJECT_VERSION = 1;
				DEVELOPMENT_ASSET_PATHS = "\"GhostLockiPhone/Preview Content\"";
				DEVELOPMENT_TEAM = C2YTPDQ5EU;
				ENABLE_PREVIEWS = YES;
				GENERATE_INFOPLIST_FILE = YES;
				INFOPLIST_KEY_UIApplicationSceneManifest_Generation = YES;
				INFOPLIST_KEY_UIApplicationSupportsIndirectInputEvents = YES;
				INFOPLIST_KEY_UILaunchScreen_Generation = YES;
				INFOPLIST_KEY_UISupportedInterfaceOrientations_iPad = "UIInterfaceOrientationPortrait UIInterfaceOrientationPortraitUpsideDown UIInterfaceOrientationLandscapeLeft UIInterfaceOrientationLandscapeRight";
				INFOPLIST_KEY_UISupportedInterfaceOrientations_iPhone = "UIInterfaceOrientationPortrait UIInterfaceOrientationLandscapeLeft UIInterfaceOrientationLandscapeRight";
				LD_RUNPATH_SEARCH_PATHS = (
					"$(inherited)",
					"@executable_path/Frameworks",
				);
				MARKETING_VERSION = 1.0;
				PRODUCT_BUNDLE_IDENTIFIER = com.GhostLockiPhone;
				PRODUCT_NAME = "$(TARGET_NAME)";
				SWIFT_EMIT_LOC_STRINGS = YES;
				SWIFT_VERSION = 5.0;
				TARGETED_DEVICE_FAMILY = "1,2";
			};
			name = Debug;
		};
		991361E12CA3C29C003C037D /* Release */ = {
			isa = XCBuildConfiguration;
			buildSettings = {
				ASSETCATALOG_COMPILER_APPICON_NAME = AppIcon;
				ASSETCATALOG_COMPILER_GLOBAL_ACCENT_COLOR_NAME = AccentColor;
				CODE_SIGN_STYLE = Automatic;
				CURRENT_PROJECT_VERSION = 1;
				DEVELOPMENT_ASSET_PATHS = "\"GhostLockiPhone/Preview Content\"";
				DEVELOPMENT_TEAM = C2YTPDQ5EU;
				ENABLE_PREVIEWS = YES;
				GENERATE_INFOPLIST_FILE = YES;
				INFOPLIST_KEY_UIApplicationSceneManifest_Generation = YES;
				INFOPLIST_KEY_UIApplicationSupportsIndirectInputEvents = YES;
				INFOPLIST_KEY_UILaunchScreen_Generation = YES;
				INFOPLIST_KEY_UISupportedInterfaceOrientations_iPad = "UIInterfaceOrientationPortrait UIInterfaceOrientationPortraitUpsideDown UIInterfaceOrientationLandscapeLeft UIInterfaceOrientationLandscapeRight";
				INFOPLIST_KEY_UISupportedInterfaceOrientations_iPhone = "UIInterfaceOrientationPortrait UIInterfaceOrientationLandscapeLeft UIInterfaceOrientationLandscapeRight";
				LD_RUNPATH_SEARCH_PATHS = (
					"$(inherited)",
					"@executable_path/Frameworks",
				);
				MARKETING_VERSION = 1.0;
				PRODUCT_BUNDLE_IDENTIFIER = com.GhostLockiPhone;
				PRODUCT_NAME = "$(TARGET_NAME)";
				SWIFT_EMIT_LOC_STRINGS = YES;
				SWIFT_VERSION = 5.0;
				TARGETED_DEVICE_FAMILY = "1,2";
			};
			name = Release;
		};
		991361E32CA3C29C003C037D /* Debug */ = {
			isa = XCBuildConfiguration;
			buildSettings = {
				BUNDLE_LOADER = "$(TEST_HOST)";
				CODE_SIGN_STYLE = Automatic;
				CURRENT_PROJECT_VERSION = 1;
				DEVELOPMENT_TEAM = C2YTPDQ5EU;
				GENERATE_INFOPLIST_FILE = YES;
				IPHONEOS_DEPLOYMENT_TARGET = 18.0;
				MARKETING_VERSION = 1.0;
				PRODUCT_BUNDLE_IDENTIFIER = com.GhostLockiPhoneTests;
				PRODUCT_NAME = "$(TARGET_NAME)";
				SWIFT_EMIT_LOC_STRINGS = NO;
				SWIFT_VERSION = 5.0;
				TARGETED_DEVICE_FAMILY = "1,2";
				TEST_HOST = "$(BUILT_PRODUCTS_DIR)/GhostLockiPhone.app/$(BUNDLE_EXECUTABLE_FOLDER_PATH)/GhostLockiPhone";
			};
			name = Debug;
		};
		991361E42CA3C29C003C037D /* Release */ = {
			isa = XCBuildConfiguration;
			buildSettings = {
				BUNDLE_LOADER = "$(TEST_HOST)";
				CODE_SIGN_STYLE = Automatic;
				CURRENT_PROJECT_VERSION = 1;
				DEVELOPMENT_TEAM = C2YTPDQ5EU;
				GENERATE_INFOPLIST_FILE = YES;
				IPHONEOS_DEPLOYMENT_TARGET = 18.0;
				MARKETING_VERSION = 1.0;
				PRODUCT_BUNDLE_IDENTIFIER = com.GhostLockiPhoneTests;
				PRODUCT_NAME = "$(TARGET_NAME)";
				SWIFT_EMIT_LOC_STRINGS = NO;
				SWIFT_VERSION = 5.0;
				TARGETED_DEVICE_FAMILY = "1,2";
				TEST_HOST = "$(BUILT_PRODUCTS_DIR)/GhostLockiPhone.app/$(BUNDLE_EXECUTABLE_FOLDER_PATH)/GhostLockiPhone";
			};
			name = Release;
		};
		991361E62CA3C29C003C037D /* Debug */ = {
			isa = XCBuildConfiguration;
			buildSettings = {
				CODE_SIGN_STYLE = Automatic;
				CURRENT_PROJECT_VERSION = 1;
				DEVELOPMENT_TEAM = C2YTPDQ5EU;
				GENERATE_INFOPLIST_FILE = YES;
				MARKETING_VERSION = 1.0;
				PRODUCT_BUNDLE_IDENTIFIER = com.GhostLockiPhoneUITests;
				PRODUCT_NAME = "$(TARGET_NAME)";
				SWIFT_EMIT_LOC_STRINGS = NO;
				SWIFT_VERSION = 5.0;
				TARGETED_DEVICE_FAMILY = "1,2";
				TEST_TARGET_NAME = GhostLockiPhone;
			};
			name = Debug;
		};
		991361E72CA3C29C003C037D /* Release */ = {
			isa = XCBuildConfiguration;
			buildSettings = {
				CODE_SIGN_STYLE = Automatic;
				CURRENT_PROJECT_VERSION = 1;
				DEVELOPMENT_TEAM = C2YTPDQ5EU;
				GENERATE_INFOPLIST_FILE = YES;
				MARKETING_VERSION = 1.0;
				PRODUCT_BUNDLE_IDENTIFIER = com.GhostLockiPhoneUITests;
				PRODUCT_NAME = "$(TARGET_NAME)";
				SWIFT_EMIT_LOC_STRINGS = NO;
				SWIFT_VERSION = 5.0;
				TARGETED_DEVICE_FAMILY = "1,2";
				TEST_TARGET_NAME = GhostLockiPhone;
			};
			name = Release;
		};
/* End XCBuildConfiguration section */

/* Begin XCConfigurationList section */
		991361B62CA3C29B003C037D /* Build configuration list for PBXProject "GhostLockiPhone" */ = {
			isa = XCConfigurationList;
			buildConfigurations = (
				991361DD2CA3C29C003C037D /* Debug */,
				991361DE2CA3C29C003C037D /* Release */,
			);
			defaultConfigurationIsVisible = 0;
			defaultConfigurationName = Release;
		};
		991361DF2CA3C29C003C037D /* Build configuration list for PBXNativeTarget "GhostLockiPhone" */ = {
			isa = XCConfigurationList;
			buildConfigurations = (
				991361E02CA3C29C003C037D /* Debug */,
				991361E12CA3C29C003C037D /* Release */,
			);
			defaultConfigurationIsVisible = 0;
			defaultConfigurationName = Release;
		};
		991361E22CA3C29C003C037D /* Build configuration list for PBXNativeTarget "GhostLockiPhoneTests" */ = {
			isa = XCConfigurationList;
			buildConfigurations = (
				991361E32CA3C29C003C037D /* Debug */,
				991361E42CA3C29C003C037D /* Release */,
			);
			defaultConfigurationIsVisible = 0;
			defaultConfigurationName = Release;
		};
		991361E52CA3C29C003C037D /* Build configuration list for PBXNativeTarget "GhostLockiPhoneUITests" */ = {
			isa = XCConfigurationList;
			buildConfigurations = (
				991361E62CA3C29C003C037D /* Debug */,
				991361E72CA3C29C003C037D /* Release */,
			);
			defaultConfigurationIsVisible = 0;
			defaultConfigurationName = Release;
		};
/* End XCConfigurationList section */
	};
	rootObject = 991361B32CA3C29B003C037D /* Project object */;
}
